
Microsoft Visual Studio Solution File, Format Version 12.00
# Visual Studio 15
VisualStudioVersion = 15.0.28307.168
MinimumVisualStudioVersion = 10.0.40219.1
Project("{FAE04EC0-301F-11D3-BF4B-00C04F79EFBC}") = "MRP", "MRP\MRP.csproj", "{06B61A3A-02BA-4B5F-9C5C-835B15FFCEBC}"
EndProject
Project("{FAE04EC0-301F-11D3-BF4B-00C04F79EFBC}") = "WinAppMRP", "WinAppMRP\WinAppMRP.csproj", "{9EAB2859-C61B-4395-8B2C-BD23675244DF}"
EndProject
Global
	GlobalSection(SolutionConfigurationPlatforms) = preSolution
		Debug|Any CPU = Debug|Any CPU
		Release|Any CPU = Release|Any CPU
	EndGlobalSection
	GlobalSection(ProjectConfigurationPlatforms) = postSolution
		{06B61A3A-02BA-4B5F-9C5C-835B15FFCEBC}.Debug|Any CPU.ActiveCfg = Debug|Any CPU
		{06B61A3A-02BA-4B5F-9C5C-835B15FFCEBC}.Debug|Any CPU.Build.0 = Debug|Any CPU
		{06B61A3A-02BA-4B5F-9C5C-835B15FFCEBC}.Release|Any CPU.ActiveCfg = Release|Any CPU
		{06B61A3A-02BA-4B5F-9C5C-835B15FFCEBC}.Release|Any CPU.Build.0 = Release|Any CPU
		{9EAB2859-C61B-4395-8B2C-BD23675244DF}.Debug|Any CPU.ActiveCfg = Debug|Any CPU
		{9EAB2859-C61B-4395-8B2C-BD23675244DF}.Debug|Any CPU.Build.0 = Debug|Any CPU
		{9EAB2859-C61B-4395-8B2C-BD23675244DF}.Release|Any CPU.ActiveCfg = Release|Any CPU
		{9EAB2859-C61B-4395-8B2C-BD23675244DF}.Release|Any CPU.Build.0 = Release|Any CPU
	EndGlobalSection
	GlobalSection(SolutionProperties) = preSolution
		HideSolutionNode = FALSE
	EndGlobalSection
	GlobalSection(ExtensibilityGlobals) = postSolution
		SolutionGuid = {ADA2DF46-58FE-4199-9AB0-4BEB57AE432E}
	EndGlobalSection
EndGlobal
